// !$*UTF8*$!
{
	archiveVersion = 1;
	classes = {
	};
	objectVersion = 46;
	objects = {

/* Begin PBXBuildFile section */
		1898DB371CB39B2B0073219D /* AppDelegate.swift in Sources */ = {isa = PBXBuildFile; fileRef = 1898DB361CB39B2B0073219D /* AppDelegate.swift */; };
		1898DB391CB39B2B0073219D /* ViewController.swift in Sources */ = {isa = PBXBuildFile; fileRef = 1898DB381CB39B2B0073219D /* ViewController.swift */; };
		1898DB3C1CB39B2B0073219D /* Main.storyboard in Resources */ = {isa = PBXBuildFile; fileRef = 1898DB3A1CB39B2B0073219D /* Main.storyboard */; };
		1898DB3E1CB39B2B0073219D /* Assets.xcassets in Resources */ = {isa = PBXBuildFile; fileRef = 1898DB3D1CB39B2B0073219D /* Assets.xcassets */; };
		1898DB411CB39B2B0073219D /* LaunchScreen.storyboard in Resources */ = {isa = PBXBuildFile; fileRef = 1898DB3F1CB39B2B0073219D /* LaunchScreen.storyboard */; };
		1898DB4C1CB39B2C0073219D /* TicTacToiTests.swift in Sources */ = {isa = PBXBuildFile; fileRef = 1898DB4B1CB39B2C0073219D /* TicTacToiTests.swift */; };
		1898DB571CB39B2C0073219D /* TicTacToiUITests.swift in Sources */ = {isa = PBXBuildFile; fileRef = 1898DB561CB39B2C0073219D /* TicTacToiUITests.swift */; };
/* End PBXBuildFile section */

/* Begin PBXContainerItemProxy section */
		1898DB481CB39B2C0073219D /* PBXContainerItemProxy */ = {
			isa = PBXContainerItemProxy;
			containerPortal = 1898DB2B1CB39B2B0073219D /* Project object */;
			proxyType = 1;
			remoteGlobalIDString = 1898DB321CB39B2B0073219D;
			remoteInfo = TicTacToi;
		};
		1898DB531CB39B2C0073219D /* PBXContainerItemProxy */ = {
			isa = PBXContainerItemProxy;
			containerPortal = 1898DB2B1CB39B2B0073219D /* Project object */;
			proxyType = 1;
			remoteGlobalIDString = 1898DB321CB39B2B0073219D;
			remoteInfo = TicTacToi;
		};
/* End PBXContainerItemProxy section */

/* Begin PBXFileReference section */
		1898DB331CB39B2B0073219D /* TicTacToi.app */ = {isa = PBXFileReference; explicitFileType = wrapper.application; includeInIndex = 0; path = TicTacToi.app; sourceTree = BUILT_PRODUCTS_DIR; };
		1898DB361CB39B2B0073219D /* AppDelegate.swift */ = {isa = PBXFileReference; lastKnownFileType = sourcecode.swift; path = AppDelegate.swift; sourceTree = "<group>"; };
		1898DB381CB39B2B0073219D /* ViewController.swift */ = {isa = PBXFileReference; lastKnownFileType = sourcecode.swift; path = ViewController.swift; sourceTree = "<group>"; };
		1898DB3B1CB39B2B0073219D /* Base */ = {isa = PBXFileReference; lastKnownFileType = file.storyboard; name = Base; path = Base.lproj/Main.storyboard; sourceTree = "<group>"; };
		1898DB3D1CB39B2B0073219D /* Assets.xcassets */ = {isa = PBXFileReference; lastKnownFileType = folder.assetcatalog; path = Assets.xcassets; sourceTree = "<group>"; };
		1898DB401CB39B2B0073219D /* Base */ = {isa = PBXFileReference; lastKnownFileType = file.storyboard; name = Base; path = Base.lproj/LaunchScreen.storyboard; sourceTree = "<group>"; };
		1898DB421CB39B2B0073219D /* Info.plist */ = {isa = PBXFileReference; lastKnownFileType = text.plist.xml; path = Info.plist; sourceTree = "<group>"; };
		1898DB471CB39B2C0073219D /* TicTacToiTests.xctest */ = {isa = PBXFileReference; explicitFileType = wrapper.cfbundle; includeInIndex = 0; path = TicTacToiTests.xctest; sourceTree = BUILT_PRODUCTS_DIR; };
		1898DB4B1CB39B2C0073219D /* TicTacToiTests.swift */ = {isa = PBXFileReference; lastKnownFileType = sourcecode.swift; path = TicTacToiTests.swift; sourceTree = "<group>"; };
		1898DB4D1CB39B2C0073219D /* Info.plist */ = {isa = PBXFileReference; lastKnownFileType = text.plist.xml; path = Info.plist; sourceTree = "<group>"; };
		1898DB521CB39B2C0073219D /* TicTacToiUITests.xctest */ = {isa = PBXFileReference; explicitFileType = wrapper.cfbundle; includeInIndex = 0; path = TicTacToiUITests.xctest; sourceTree = BUILT_PRODUCTS_DIR; };
		1898DB561CB39B2C0073219D /* TicTacToiUITests.swift */ = {isa = PBXFileReference; lastKnownFileType = sourcecode.swift; path = TicTacToiUITests.swift; sourceTree = "<group>"; };
		1898DB581CB39B2C0073219D /* Info.plist */ = {isa = PBXFileReference; lastKnownFileType = text.plist.xml; path = Info.plist; sourceTree = "<group>"; };
/* End PBXFileReference section */

/* Begin PBXFrameworksBuildPhase section */
		1898DB301CB39B2B0073219D /* Frameworks */ = {
			isa = PBXFrameworksBuildPhase;
			buildActionMask = 2147483647;
			files = (
			);
			runOnlyForDeploymentPostprocessing = 0;
		};
		1898DB441CB39B2C0073219D /* Frameworks */ = {
			isa = PBXFrameworksBuildPhase;
			buildActionMask = 2147483647;
			files = (
			);
			runOnlyForDeploymentPostprocessing = 0;
		};
		1898DB4F1CB39B2C0073219D /* Frameworks */ = {
			isa = PBXFrameworksBuildPhase;
			buildActionMask = 2147483647;
			files = (
			);
			runOnlyForDeploymentPostprocessing = 0;
		};
/* End PBXFrameworksBuildPhase section */

/* Begin PBXGroup section */
		1898DB2A1CB39B2A0073219D = {
			isa = PBXGroup;
			children = (
				1898DB351CB39B2B0073219D /* TicTacToi */,
				1898DB4A1CB39B2C0073219D /* TicTacToiTests */,
				1898DB551CB39B2C0073219D /* TicTacToiUITests */,
				1898DB341CB39B2B0073219D /* Products */,
			);
			sourceTree = "<group>";
		};
		1898DB341CB39B2B0073219D /* Products */ = {
			isa = PBXGroup;
			children = (
				1898DB331CB39B2B0073219D /* TicTacToi.app */,
				1898DB471CB39B2C0073219D /* TicTacToiTests.xctest */,
				1898DB521CB39B2C0073219D /* TicTacToiUITests.xctest */,
			);
			name = Products;
			sourceTree = "<group>";
		};
		1898DB351CB39B2B0073219D /* TicTacToi */ = {
			isa = PBXGroup;
			children = (
				1898DB361CB39B2B0073219D /* AppDelegate.swift */,
				1898DB381CB39B2B0073219D /* ViewController.swift */,
				1898DB3A1CB39B2B0073219D /* Main.storyboard */,
				1898DB3D1CB39B2B0073219D /* Assets.xcassets */,
				1898DB3F1CB39B2B0073219D /* LaunchScreen.storyboard */,
				1898DB421CB39B2B0073219D /* Info.plist */,
			);
			path = TicTacToi;
			sourceTree = "<group>";
		};
		1898DB4A1CB39B2C0073219D /* TicTacToiTests */ = {
			isa = PBXGroup;
			children = (
				1898DB4B1CB39B2C0073219D /* TicTacToiTests.swift */,
				1898DB4D1CB39B2C0073219D /* Info.plist */,
			);
			path = TicTacToiTests;
			sourceTree = "<group>";
		};
		1898DB551CB39B2C0073219D /* TicTacToiUITests */ = {
			isa = PBXGroup;
			children = (
				1898DB561CB39B2C0073219D /* TicTacToiUITests.swift */,
				1898DB581CB39B2C0073219D /* Info.plist */,
			);
			path = TicTacToiUITests;
			sourceTree = "<group>";
		};
/* End PBXGroup section */

/* Begin PBXNativeTarget section */
		1898DB321CB39B2B0073219D /* TicTacToi */ = {
			isa = PBXNativeTarget;
			buildConfigurationList = 1898DB5B1CB39B2C0073219D /* Build configuration list for PBXNativeTarget "TicTacToi" */;
			buildPhases = (
				1898DB2F1CB39B2B0073219D /* Sources */,
				1898DB301CB39B2B0073219D /* Frameworks */,
				1898DB311CB39B2B0073219D /* Resources */,
			);
			buildRules = (
			);
			dependencies = (
			);
			name = TicTacToi;
			productName = TicTacToi;
			productReference = 1898DB331CB39B2B0073219D /* TicTacToi.app */;
			productType = "com.apple.product-type.application";
		};
		1898DB461CB39B2C0073219D /* TicTacToiTests */ = {
			isa = PBXNativeTarget;
			buildConfigurationList = 1898DB5E1CB39B2C0073219D /* Build configuration list for PBXNativeTarget "TicTacToiTests" */;
			buildPhases = (
				1898DB431CB39B2C0073219D /* Sources */,
				1898DB441CB39B2C0073219D /* Frameworks */,
				1898DB451CB39B2C0073219D /* Resources */,
			);
			buildRules = (
			);
			dependencies = (
				1898DB491CB39B2C0073219D /* PBXTargetDependency */,
			);
			name = TicTacToiTests;
			productName = TicTacToiTests;
			productReference = 1898DB471CB39B2C0073219D /* TicTacToiTests.xctest */;
			productType = "com.apple.product-type.bundle.unit-test";
		};
		1898DB511CB39B2C0073219D /* TicTacToiUITests */ = {
			isa = PBXNativeTarget;
			buildConfigurationList = 1898DB611CB39B2C0073219D /* Build configuration list for PBXNativeTarget "TicTacToiUITests" */;
			buildPhases = (
				1898DB4E1CB39B2C0073219D /* Sources */,
				1898DB4F1CB39B2C0073219D /* Frameworks */,
				1898DB501CB39B2C0073219D /* Resources */,
			);
			buildRules = (
			);
			dependencies = (
				1898DB541CB39B2C0073219D /* PBXTargetDependency */,
			);
			name = TicTacToiUITests;
			productName = TicTacToiUITests;
			productReference = 1898DB521CB39B2C0073219D /* TicTacToiUITests.xctest */;
			productType = "com.apple.product-type.bundle.ui-testing";
		};
/* End PBXNativeTarget section */

/* Begin PBXProject section */
		1898DB2B1CB39B2B0073219D /* Project object */ = {
			isa = PBXProject;
			attributes = {
				LastSwiftUpdateCheck = 0720;
				LastUpgradeCheck = 0720;
				ORGANIZATIONNAME = nanitesolutions;
				TargetAttributes = {
					1898DB321CB39B2B0073219D = {
						CreatedOnToolsVersion = 7.2;
					};
					1898DB461CB39B2C0073219D = {
						CreatedOnToolsVersion = 7.2;
						TestTargetID = 1898DB321CB39B2B0073219D;
					};
					1898DB511CB39B2C0073219D = {
						CreatedOnToolsVersion = 7.2;
						TestTargetID = 1898DB321CB39B2B0073219D;
					};
				};
			};
			buildConfigurationList = 1898DB2E1CB39B2B0073219D /* Build configuration list for PBXProject "TicTacToi" */;
			compatibilityVersion = "Xcode 3.2";
			developmentRegion = English;
			hasScannedForEncodings = 0;
			knownRegions = (
				en,
				Base,
			);
			mainGroup = 1898DB2A1CB39B2A0073219D;
			productRefGroup = 1898DB341CB39B2B0073219D /* Products */;
			projectDirPath = "";
			projectRoot = "";
			targets = (
				1898DB321CB39B2B0073219D /* TicTacToi */,
				1898DB461CB39B2C0073219D /* TicTacToiTests */,
				1898DB511CB39B2C0073219D /* TicTacToiUITests */,
			);
		};
/* End PBXProject section */

/* Begin PBXResourcesBuildPhase section */
		1898DB311CB39B2B0073219D /* Resources */ = {
			isa = PBXResourcesBuildPhase;
			buildActionMask = 2147483647;
			files = (
				1898DB411CB39B2B0073219D /* LaunchScreen.storyboard in Resources */,
				1898DB3E1CB39B2B0073219D /* Assets.xcassets in Resources */,
				1898DB3C1CB39B2B0073219D /* Main.storyboard in Resources */,
			);
			runOnlyForDeploymentPostprocessing = 0;
		};
		1898DB451CB39B2C0073219D /* Resources */ = {
			isa = PBXResourcesBuildPhase;
			buildActionMask = 2147483647;
			files = (
			);
			runOnlyForDeploymentPostprocessing = 0;
		};
		1898DB501CB39B2C0073219D /* Resources */ = {
			isa = PBXResourcesBuildPhase;
			buildActionMask = 2147483647;
			files = (
			);
			runOnlyForDeploymentPostprocessing = 0;
		};
/* End PBXResourcesBuildPhase section */

/* Begin PBXSourcesBuildPhase section */
		1898DB2F1CB39B2B0073219D /* Sources */ = {
			isa = PBXSourcesBuildPhase;
			buildActionMask = 2147483647;
			files = (
				1898DB391CB39B2B0073219D /* ViewController.swift in Sources */,
				1898DB371CB39B2B0073219D /* AppDelegate.swift in Sources */,
			);
			runOnlyForDeploymentPostprocessing = 0;
		};
		1898DB431CB39B2C0073219D /* Sources */ = {
			isa = PBXSourcesBuildPhase;
			buildActionMask = 2147483647;
			files = (
				1898DB4C1CB39B2C0073219D /* TicTacToiTests.swift in Sources */,
			);
			runOnlyForDeploymentPostprocessing = 0;
		};
		1898DB4E1CB39B2C0073219D /* Sources */ = {
			isa = PBXSourcesBuildPhase;
			buildActionMask = 2147483647;
			files = (
				1898DB571CB39B2C0073219D /* TicTacToiUITests.swift in Sources */,
			);
			runOnlyForDeploymentPostprocessing = 0;
		};
/* End PBXSourcesBuildPhase section */

/* Begin PBXTargetDependency section */
		1898DB491CB39B2C0073219D /* PBXTargetDependency */ = {
			isa = PBXTargetDependency;
			target = 1898DB321CB39B2B0073219D /* TicTacToi */;
			targetProxy = 1898DB481CB39B2C0073219D /* PBXContainerItemProxy */;
		};
		1898DB541CB39B2C0073219D /* PBXTargetDependency */ = {
			isa = PBXTargetDependency;
			target = 1898DB321CB39B2B0073219D /* TicTacToi */;
			targetProxy = 1898DB531CB39B2C0073219D /* PBXContainerItemProxy */;
		};
/* End PBXTargetDependency section */

/* Begin PBXVariantGroup section */
		1898DB3A1CB39B2B0073219D /* Main.storyboard */ = {
			isa = PBXVariantGroup;
			children = (
				1898DB3B1CB39B2B0073219D /* Base */,
			);
			name = Main.storyboard;
			sourceTree = "<group>";
		};
		1898DB3F1CB39B2B0073219D /* LaunchScreen.storyboard */ = {
			isa = PBXVariantGroup;
			children = (
				1898DB401CB39B2B0073219D /* Base */,
			);
			name = LaunchScreen.storyboard;
			sourceTree = "<group>";
		};
/* End PBXVariantGroup section */

/* Begin XCBuildConfiguration section */
		1898DB591CB39B2C0073219D /* Debug */ = {
			isa = XCBuildConfiguration;
			buildSettings = {
				ALWAYS_SEARCH_USER_PATHS = NO;
				CLANG_CXX_LANGUAGE_STANDARD = "gnu++0x";
				CLANG_CXX_LIBRARY = "libc++";
				CLANG_ENABLE_MODULES = YES;
				CLANG_ENABLE_OBJC_ARC = YES;
				CLANG_WARN_BOOL_CONVERSION = YES;
				CLANG_WARN_CONSTANT_CONVERSION = YES;
				CLANG_WARN_DIRECT_OBJC_ISA_USAGE = YES_ERROR;
				CLANG_WARN_EMPTY_BODY = YES;
				CLANG_WARN_ENUM_CONVERSION = YES;
				CLANG_WARN_INT_CONVERSION = YES;
				CLANG_WARN_OBJC_ROOT_CLASS = YES_ERROR;
				CLANG_WARN_UNREACHABLE_CODE = YES;
				CLANG_WARN__DUPLICATE_METHOD_MATCH = YES;
				"CODE_SIGN_IDENTITY[sdk=iphoneos*]" = "iPhone Developer";
				COPY_PHASE_STRIP = NO;
				DEBUG_INFORMATION_FORMAT = dwarf;
				ENABLE_STRICT_OBJC_MSGSEND = YES;
				ENABLE_TESTABILITY = YES;
				GCC_C_LANGUAGE_STANDARD = gnu99;
				GCC_DYNAMIC_NO_PIC = NO;
				GCC_NO_COMMON_BLOCKS = YES;
				GCC_OPTIMIZATION_LEVEL = 0;
				GCC_PREPROCESSOR_DEFINITIONS = (
					"DEBUG=1",
					"$(inherited)",
				);
				GCC_WARN_64_TO_32_BIT_CONVERSION = YES;
				GCC_WARN_ABOUT_RETURN_TYPE = YES_ERROR;
				GCC_WARN_UNDECLARED_SELECTOR = YES;
				GCC_WARN_UNINITIALIZED_AUTOS = YES_AGGRESSIVE;
				GCC_WARN_UNUSED_FUNCTION = YES;
				GCC_WARN_UNUSED_VARIABLE = YES;
				IPHONEOS_DEPLOYMENT_TARGET = 9.2;
				MTL_ENABLE_DEBUG_INFO = YES;
				ONLY_ACTIVE_ARCH = YES;
				SDKROOT = iphoneos;
				SWIFT_OPTIMIZATION_LEVEL = "-Onone";
				TARGETED_DEVICE_FAMILY = "1,2";
			};
			name = Debug;
		};
		1898DB5A1CB39B2C0073219D /* Release */ = {
			isa = XCBuildConfiguration;
			buildSettings = {
				ALWAYS_SEARCH_USER_PATHS = NO;
				CLANG_CXX_LANGUAGE_STANDARD = "gnu++0x";
				CLANG_CXX_LIBRARY = "libc++";
				CLANG_ENABLE_MODULES = YES;
				CLANG_ENABLE_OBJC_ARC = YES;
				CLANG_WARN_BOOL_CONVERSION = YES;
				CLANG_WARN_CONSTANT_CONVERSION = YES;
				CLANG_WARN_DIRECT_OBJC_ISA_USAGE = YES_ERROR;
				CLANG_WARN_EMPTY_BODY = YES;
				CLANG_WARN_ENUM_CONVERSION = YES;
				CLANG_WARN_INT_CONVERSION = YES;
				CLANG_WARN_OBJC_ROOT_CLASS = YES_ERROR;
				CLANG_WARN_UNREACHABLE_CODE = YES;
				CLANG_WARN__DUPLICATE_METHOD_MATCH = YES;
				"CODE_SIGN_IDENTITY[sdk=iphoneos*]" = "iPhone Developer";
				COPY_PHASE_STRIP = NO;
				DEBUG_INFORMATION_FORMAT = "dwarf-with-dsym";
				ENABLE_NS_ASSERTIONS = NO;
				ENABLE_STRICT_OBJC_MSGSEND = YES;
				GCC_C_LANGUAGE_STANDARD = gnu99;
				GCC_NO_COMMON_BLOCKS = YES;
				GCC_WARN_64_TO_32_BIT_CONVERSION = YES;
				GCC_WARN_ABOUT_RETURN_TYPE = YES_ERROR;
				GCC_WARN_UNDECLARED_SELECTOR = YES;
				GCC_WARN_UNINITIALIZED_AUTOS = YES_AGGRESSIVE;
				GCC_WARN_UNUSED_FUNCTION = YES;
				GCC_WARN_UNUSED_VARIABLE = YES;
				IPHONEOS_DEPLOYMENT_TARGET = 9.2;
				MTL_ENABLE_DEBUG_INFO = NO;
				SDKROOT = iphoneos;
				TARGETED_DEVICE_FAMILY = "1,2";
				VALIDATE_PRODUCT = YES;
			};
			name = Release;
		};
		1898DB5C1CB39B2C0073219D /* Debug */ = {
			isa = XCBuildConfiguration;
			buildSettings = {
				ASSETCATALOG_COMPILER_APPICON_NAME = AppIcon;
				INFOPLIST_FILE = TicTacToi/Info.plist;
				LD_RUNPATH_SEARCH_PATHS = "$(inherited) @executable_path/Frameworks";
				PRODUCT_BUNDLE_IDENTIFIER = com.nanitesol.TicTacToi;
				PRODUCT_NAME = "$(TARGET_NAME)";
			};
			name = Debug;
		};
		1898DB5D1CB39B2C0073219D /* Release */ = {
			isa = XCBuildConfiguration;
			buildSettings = {
				ASSETCATALOG_COMPILER_APPICON_NAME = AppIcon;
				INFOPLIST_FILE = TicTacToi/Info.plist;
				LD_RUNPATH_SEARCH_PATHS = "$(inherited) @executable_path/Frameworks";
				PRODUCT_BUNDLE_IDENTIFIER = com.nanitesol.TicTacToi;
				PRODUCT_NAME = "$(TARGET_NAME)";
			};
			name = Release;
		};
		1898DB5F1CB39B2C0073219D /* Debug */ = {
			isa = XCBuildConfiguration;
			buildSettings = {
				BUNDLE_LOADER = "$(TEST_HOST)";
				INFOPLIST_FILE = TicTacToiTests/Info.plist;
				LD_RUNPATH_SEARCH_PATHS = "$(inherited) @executable_path/Frameworks @loader_path/Frameworks";
				PRODUCT_BUNDLE_IDENTIFIER = com.nanitesol.TicTacToiTests;
				PRODUCT_NAME = "$(TARGET_NAME)";
				TEST_HOST = "$(BUILT_PRODUCTS_DIR)/TicTacToi.app/TicTacToi";
			};
			name = Debug;
		};
		1898DB601CB39B2C0073219D /* Release */ = {
			isa = XCBuildConfiguration;
			buildSettings = {
				BUNDLE_LOADER = "$(TEST_HOST)";
				INFOPLIST_FILE = TicTacToiTests/Info.plist;
				LD_RUNPATH_SEARCH_PATHS = "$(inherited) @executable_path/Frameworks @loader_path/Frameworks";
				PRODUCT_BUNDLE_IDENTIFIER = com.nanitesol.TicTacToiTests;
				PRODUCT_NAME = "$(TARGET_NAME)";
				TEST_HOST = "$(BUILT_PRODUCTS_DIR)/TicTacToi.app/TicTacToi";
			};
			name = Release;
		};
		1898DB621CB39B2C0073219D /* Debug */ = {
			isa = XCBuildConfiguration;
			buildSettings = {
				INFOPLIST_FILE = TicTacToiUITests/Info.plist;
				LD_RUNPATH_SEARCH_PATHS = "$(inherited) @executable_path/Frameworks @loader_path/Frameworks";
				PRODUCT_BUNDLE_IDENTIFIER = com.nanitesol.TicTacToiUITests;
				PRODUCT_NAME = "$(TARGET_NAME)";
				TEST_TARGET_NAME = TicTacToi;
				USES_XCTRUNNER = YES;
			};
			name = Debug;
		};
		1898DB631CB39B2C0073219D /* Release */ = {
			isa = XCBuildConfiguration;
			buildSettings = {
				INFOPLIST_FILE = TicTacToiUITests/Info.plist;
				LD_RUNPATH_SEARCH_PATHS = "$(inherited) @executable_path/Frameworks @loader_path/Frameworks";
				PRODUCT_BUNDLE_IDENTIFIER = com.nanitesol.TicTacToiUITests;
				PRODUCT_NAME = "$(TARGET_NAME)";
				TEST_TARGET_NAME = TicTacToi;
				USES_XCTRUNNER = YES;
			};
			name = Release;
		};
/* End XCBuildConfiguration section */

/* Begin XCConfigurationList section */
		1898DB2E1CB39B2B0073219D /* Build configuration list for PBXProject "TicTacToi" */ = {
			isa = XCConfigurationList;
			buildConfigurations = (
				1898DB591CB39B2C0073219D /* Debug */,
				1898DB5A1CB39B2C0073219D /* Release */,
			);
			defaultConfigurationIsVisible = 0;
			defaultConfigurationName = Release;
		};
		1898DB5B1CB39B2C0073219D /* Build configuration list for PBXNativeTarget "TicTacToi" */ = {
			isa = XCConfigurationList;
			buildConfigurations = (
				1898DB5C1CB39B2C0073219D /* Debug */,
				1898DB5D1CB39B2C0073219D /* Release */,
			);
			defaultConfigurationIsVisible = 0;
		};
		1898DB5E1CB39B2C0073219D /* Build configuration list for PBXNativeTarget "TicTacToiTests" */ = {
			isa = XCConfigurationList;
			buildConfigurations = (
				1898DB5F1CB39B2C0073219D /* Debug */,
				1898DB601CB39B2C0073219D /* Release */,
			);
			defaultConfigurationIsVisible = 0;
		};
		1898DB611CB39B2C0073219D /* Build configuration list for PBXNativeTarget "TicTacToiUITests" */ = {
			isa = XCConfigurationList;
			buildConfigurations = (
				1898DB621CB39B2C0073219D /* Debug */,
				1898DB631CB39B2C0073219D /* Release */,
			);
			defaultConfigurationIsVisible = 0;
		};
/* End XCConfigurationList section */
	};
	rootObject = 1898DB2B1CB39B2B0073219D /* Project object */;
}
